
Microsoft Visual Studio Solution File, Format Version 12.00
# Visual Studio 15
VisualStudioVersion = 15.0.26730.10
MinimumVisualStudioVersion = 10.0.40219.1
Project("{8BC9CEB8-8B4A-11D0-8D11-00A0C91BC942}") = "CoffeeMachineProgram", "CoffeeMachineProgram\CoffeeMachineProgram.vcxproj", "{8BD3E79D-80AB-4362-90B6-AB9DF5F76E9F}"
EndProject
Global
	GlobalSection(SolutionConfigurationPlatforms) = preSolution
		Debug|x64 = Debug|x64
		Debug|x86 = Debug|x86
		Release|x64 = Release|x64
		Release|x86 = Release|x86
	EndGlobalSection
	GlobalSection(ProjectConfigurationPlatforms) = postSolution
		{8BD3E79D-80AB-4362-90B6-AB9DF5F76E9F}.Debug|x64.ActiveCfg = Debug|x64
		{8BD3E79D-80AB-4362-90B6-AB9DF5F76E9F}.Debug|x64.Build.0 = Debug|x64
		{8BD3E79D-80AB-4362-90B6-AB9DF5F76E9F}.Debug|x86.ActiveCfg = Debug|Win32
		{8BD3E79D-80AB-4362-90B6-AB9DF5F76E9F}.Debug|x86.Build.0 = Debug|Win32
		{8BD3E79D-80AB-4362-90B6-AB9DF5F76E9F}.Release|x64.ActiveCfg = Release|x64
		{8BD3E79D-80AB-4362-90B6-AB9DF5F76E9F}.Release|x64.Build.0 = Release|x64
		{8BD3E79D-80AB-4362-90B6-AB9DF5F76E9F}.Release|x86.ActiveCfg = Release|Win32
		{8BD3E79D-80AB-4362-90B6-AB9DF5F76E9F}.Release|x86.Build.0 = Release|Win32
	EndGlobalSection
	GlobalSection(SolutionProperties) = preSolution
		HideSolutionNode = FALSE
	EndGlobalSection
	GlobalSection(ExtensibilityGlobals) = postSolution
		SolutionGuid = {7513103C-3D26-419C-888D-62DF27F0D263}
	EndGlobalSection
EndGlobal
