
Microsoft Visual Studio Solution File, Format Version 12.00
# Visual Studio 15
VisualStudioVersion = 15.0.28010.2036
MinimumVisualStudioVersion = 10.0.40219.1
Project("{8BC9CEB8-8B4A-11D0-8D11-00A0C91BC942}") = "Waterfall", "Waterfall\Waterfall.vcxproj", "{E111778C-C8B9-46F6-BB8F-85DC45C786AD}"
EndProject
Global
	GlobalSection(SolutionConfigurationPlatforms) = preSolution
		Debug|x64 = Debug|x64
		Debug|x86 = Debug|x86
		Release|x64 = Release|x64
		Release|x86 = Release|x86
	EndGlobalSection
	GlobalSection(ProjectConfigurationPlatforms) = postSolution
		{E111778C-C8B9-46F6-BB8F-85DC45C786AD}.Debug|x64.ActiveCfg = Debug|x64
		{E111778C-C8B9-46F6-BB8F-85DC45C786AD}.Debug|x64.Build.0 = Debug|x64
		{E111778C-C8B9-46F6-BB8F-85DC45C786AD}.Debug|x86.ActiveCfg = Debug|Win32
		{E111778C-C8B9-46F6-BB8F-85DC45C786AD}.Debug|x86.Build.0 = Debug|Win32
		{E111778C-C8B9-46F6-BB8F-85DC45C786AD}.Release|x64.ActiveCfg = Release|x64
		{E111778C-C8B9-46F6-BB8F-85DC45C786AD}.Release|x64.Build.0 = Release|x64
		{E111778C-C8B9-46F6-BB8F-85DC45C786AD}.Release|x86.ActiveCfg = Release|Win32
		{E111778C-C8B9-46F6-BB8F-85DC45C786AD}.Release|x86.Build.0 = Release|Win32
	EndGlobalSection
	GlobalSection(SolutionProperties) = preSolution
		HideSolutionNode = FALSE
	EndGlobalSection
	GlobalSection(ExtensibilityGlobals) = postSolution
		SolutionGuid = {86D6A514-7F03-4C60-BE00-8CC87D12702E}
	EndGlobalSection
EndGlobal
